// !$*UTF8*$!
{
	archiveVersion = 1;
	classes = {
	};
	objectVersion = 56;
	objects = {

/* Begin PBXBuildFile section */
		F3D2922B29DB9A6900F05277 /* AppDelegate.swift in Sources */ = {isa = PBXBuildFile; fileRef = F3D2922A29DB9A6900F05277 /* AppDelegate.swift */; };
		F3D2922D29DB9A6900F05277 /* SceneDelegate.swift in Sources */ = {isa = PBXBuildFile; fileRef = F3D2922C29DB9A6900F05277 /* SceneDelegate.swift */; };
		F3D2922F29DB9A6900F05277 /* ViewController.swift in Sources */ = {isa = PBXBuildFile; fileRef = F3D2922E29DB9A6900F05277 /* ViewController.swift */; };
		F3D2923229DB9A6900F05277 /* Main.storyboard in Resources */ = {isa = PBXBuildFile; fileRef = F3D2923029DB9A6900F05277 /* Main.storyboard */; };
		F3D2923429DB9A6A00F05277 /* Assets.xcassets in Resources */ = {isa = PBXBuildFile; fileRef = F3D2923329DB9A6A00F05277 /* Assets.xcassets */; };
		F3D2923729DB9A6A00F05277 /* LaunchScreen.storyboard in Resources */ = {isa = PBXBuildFile; fileRef = F3D2923529DB9A6A00F05277 /* LaunchScreen.storyboard */; };
		F3D2924229DB9A6B00F05277 /* WeatherNowTests.swift in Sources */ = {isa = PBXBuildFile; fileRef = F3D2924129DB9A6B00F05277 /* WeatherNowTests.swift */; };
		F3D2924C29DB9A6B00F05277 /* WeatherNowUITests.swift in Sources */ = {isa = PBXBuildFile; fileRef = F3D2924B29DB9A6B00F05277 /* WeatherNowUITests.swift */; };
		F3D2924E29DB9A6B00F05277 /* WeatherNowUITestsLaunchTests.swift in Sources */ = {isa = PBXBuildFile; fileRef = F3D2924D29DB9A6B00F05277 /* WeatherNowUITestsLaunchTests.swift */; };
/* End PBXBuildFile section */

/* Begin PBXContainerItemProxy section */
		F3D2923E29DB9A6B00F05277 /* PBXContainerItemProxy */ = {
			isa = PBXContainerItemProxy;
			containerPortal = F3D2921F29DB9A6800F05277 /* Project object */;
			proxyType = 1;
			remoteGlobalIDString = F3D2922629DB9A6900F05277;
			remoteInfo = WeatherNow;
		};
		F3D2924829DB9A6B00F05277 /* PBXContainerItemProxy */ = {
			isa = PBXContainerItemProxy;
			containerPortal = F3D2921F29DB9A6800F05277 /* Project object */;
			proxyType = 1;
			remoteGlobalIDString = F3D2922629DB9A6900F05277;
			remoteInfo = WeatherNow;
		};
/* End PBXContainerItemProxy section */

/* Begin PBXFileReference section */
		F3D2922729DB9A6900F05277 /* WeatherNow.app */ = {isa = PBXFileReference; explicitFileType = wrapper.application; includeInIndex = 0; path = WeatherNow.app; sourceTree = BUILT_PRODUCTS_DIR; };
		F3D2922A29DB9A6900F05277 /* AppDelegate.swift */ = {isa = PBXFileReference; lastKnownFileType = sourcecode.swift; path = AppDelegate.swift; sourceTree = "<group>"; };
		F3D2922C29DB9A6900F05277 /* SceneDelegate.swift */ = {isa = PBXFileReference; lastKnownFileType = sourcecode.swift; path = SceneDelegate.swift; sourceTree = "<group>"; };
		F3D2922E29DB9A6900F05277 /* ViewController.swift */ = {isa = PBXFileReference; lastKnownFileType = sourcecode.swift; path = ViewController.swift; sourceTree = "<group>"; };
		F3D2923129DB9A6900F05277 /* Base */ = {isa = PBXFileReference; lastKnownFileType = file.storyboard; name = Base; path = Base.lproj/Main.storyboard; sourceTree = "<group>"; };
		F3D2923329DB9A6A00F05277 /* Assets.xcassets */ = {isa = PBXFileReference; lastKnownFileType = folder.assetcatalog; path = Assets.xcassets; sourceTree = "<group>"; };
		F3D2923629DB9A6A00F05277 /* Base */ = {isa = PBXFileReference; lastKnownFileType = file.storyboard; name = Base; path = Base.lproj/LaunchScreen.storyboard; sourceTree = "<group>"; };
		F3D2923829DB9A6A00F05277 /* Info.plist */ = {isa = PBXFileReference; lastKnownFileType = text.plist.xml; path = Info.plist; sourceTree = "<group>"; };
		F3D2923D29DB9A6B00F05277 /* WeatherNowTests.xctest */ = {isa = PBXFileReference; explicitFileType = wrapper.cfbundle; includeInIndex = 0; path = WeatherNowTests.xctest; sourceTree = BUILT_PRODUCTS_DIR; };
		F3D2924129DB9A6B00F05277 /* WeatherNowTests.swift */ = {isa = PBXFileReference; lastKnownFileType = sourcecode.swift; path = WeatherNowTests.swift; sourceTree = "<group>"; };
		F3D2924729DB9A6B00F05277 /* WeatherNowUITests.xctest */ = {isa = PBXFileReference; explicitFileType = wrapper.cfbundle; includeInIndex = 0; path = WeatherNowUITests.xctest; sourceTree = BUILT_PRODUCTS_DIR; };
		F3D2924B29DB9A6B00F05277 /* WeatherNowUITests.swift */ = {isa = PBXFileReference; lastKnownFileType = sourcecode.swift; path = WeatherNowUITests.swift; sourceTree = "<group>"; };
		F3D2924D29DB9A6B00F05277 /* WeatherNowUITestsLaunchTests.swift */ = {isa = PBXFileReference; lastKnownFileType = sourcecode.swift; path = WeatherNowUITestsLaunchTests.swift; sourceTree = "<group>"; };
/* End PBXFileReference section */

/* Begin PBXFrameworksBuildPhase section */
		F3D2922429DB9A6900F05277 /* Frameworks */ = {
			isa = PBXFrameworksBuildPhase;
			buildActionMask = 2147483647;
			files = (
			);
			runOnlyForDeploymentPostprocessing = 0;
		};
		F3D2923A29DB9A6B00F05277 /* Frameworks */ = {
			isa = PBXFrameworksBuildPhase;
			buildActionMask = 2147483647;
			files = (
			);
			runOnlyForDeploymentPostprocessing = 0;
		};
		F3D2924429DB9A6B00F05277 /* Frameworks */ = {
			isa = PBXFrameworksBuildPhase;
			buildActionMask = 2147483647;
			files = (
			);
			runOnlyForDeploymentPostprocessing = 0;
		};
/* End PBXFrameworksBuildPhase section */

/* Begin PBXGroup section */
		F3D2921E29DB9A6800F05277 = {
			isa = PBXGroup;
			children = (
				F3D2922929DB9A6900F05277 /* WeatherNow */,
				F3D2924029DB9A6B00F05277 /* WeatherNowTests */,
				F3D2924A29DB9A6B00F05277 /* WeatherNowUITests */,
				F3D2922829DB9A6900F05277 /* Products */,
			);
			sourceTree = "<group>";
		};
		F3D2922829DB9A6900F05277 /* Products */ = {
			isa = PBXGroup;
			children = (
				F3D2922729DB9A6900F05277 /* WeatherNow.app */,
				F3D2923D29DB9A6B00F05277 /* WeatherNowTests.xctest */,
				F3D2924729DB9A6B00F05277 /* WeatherNowUITests.xctest */,
			);
			name = Products;
			sourceTree = "<group>";
		};
		F3D2922929DB9A6900F05277 /* WeatherNow */ = {
			isa = PBXGroup;
			children = (
				F3D2922A29DB9A6900F05277 /* AppDelegate.swift */,
				F3D2922C29DB9A6900F05277 /* SceneDelegate.swift */,
				F3D2922E29DB9A6900F05277 /* ViewController.swift */,
				F3D2923029DB9A6900F05277 /* Main.storyboard */,
				F3D2923329DB9A6A00F05277 /* Assets.xcassets */,
				F3D2923529DB9A6A00F05277 /* LaunchScreen.storyboard */,
				F3D2923829DB9A6A00F05277 /* Info.plist */,
			);
			path = WeatherNow;
			sourceTree = "<group>";
		};
		F3D2924029DB9A6B00F05277 /* WeatherNowTests */ = {
			isa = PBXGroup;
			children = (
				F3D2924129DB9A6B00F05277 /* WeatherNowTests.swift */,
			);
			path = WeatherNowTests;
			sourceTree = "<group>";
		};
		F3D2924A29DB9A6B00F05277 /* WeatherNowUITests */ = {
			isa = PBXGroup;
			children = (
				F3D2924B29DB9A6B00F05277 /* WeatherNowUITests.swift */,
				F3D2924D29DB9A6B00F05277 /* WeatherNowUITestsLaunchTests.swift */,
			);
			path = WeatherNowUITests;
			sourceTree = "<group>";
		};
/* End PBXGroup section */

/* Begin PBXNativeTarget section */
		F3D2922629DB9A6900F05277 /* WeatherNow */ = {
			isa = PBXNativeTarget;
			buildConfigurationList = F3D2925129DB9A6B00F05277 /* Build configuration list for PBXNativeTarget "WeatherNow" */;
			buildPhases = (
				F3D2922329DB9A6900F05277 /* Sources */,
				F3D2922429DB9A6900F05277 /* Frameworks */,
				F3D2922529DB9A6900F05277 /* Resources */,
			);
			buildRules = (
			);
			dependencies = (
			);
			name = WeatherNow;
			productName = WeatherNow;
			productReference = F3D2922729DB9A6900F05277 /* WeatherNow.app */;
			productType = "com.apple.product-type.application";
		};
		F3D2923C29DB9A6B00F05277 /* WeatherNowTests */ = {
			isa = PBXNativeTarget;
			buildConfigurationList = F3D2925429DB9A6B00F05277 /* Build configuration list for PBXNativeTarget "WeatherNowTests" */;
			buildPhases = (
				F3D2923929DB9A6B00F05277 /* Sources */,
				F3D2923A29DB9A6B00F05277 /* Frameworks */,
				F3D2923B29DB9A6B00F05277 /* Resources */,
			);
			buildRules = (
			);
			dependencies = (
				F3D2923F29DB9A6B00F05277 /* PBXTargetDependency */,
			);
			name = WeatherNowTests;
			productName = WeatherNowTests;
			productReference = F3D2923D29DB9A6B00F05277 /* WeatherNowTests.xctest */;
			productType = "com.apple.product-type.bundle.unit-test";
		};
		F3D2924629DB9A6B00F05277 /* WeatherNowUITests */ = {
			isa = PBXNativeTarget;
			buildConfigurationList = F3D2925729DB9A6B00F05277 /* Build configuration list for PBXNativeTarget "WeatherNowUITests" */;
			buildPhases = (
				F3D2924329DB9A6B00F05277 /* Sources */,
				F3D2924429DB9A6B00F05277 /* Frameworks */,
				F3D2924529DB9A6B00F05277 /* Resources */,
			);
			buildRules = (
			);
			dependencies = (
				F3D2924929DB9A6B00F05277 /* PBXTargetDependency */,
			);
			name = WeatherNowUITests;
			productName = WeatherNowUITests;
			productReference = F3D2924729DB9A6B00F05277 /* WeatherNowUITests.xctest */;
			productType = "com.apple.product-type.bundle.ui-testing";
		};
/* End PBXNativeTarget section */

/* Begin PBXProject section */
		F3D2921F29DB9A6800F05277 /* Project object */ = {
			isa = PBXProject;
			attributes = {
				BuildIndependentTargetsInParallel = 1;
				LastSwiftUpdateCheck = 1410;
				LastUpgradeCheck = 1410;
				TargetAttributes = {
					F3D2922629DB9A6900F05277 = {
						CreatedOnToolsVersion = 14.1;
					};
					F3D2923C29DB9A6B00F05277 = {
						CreatedOnToolsVersion = 14.1;
						TestTargetID = F3D2922629DB9A6900F05277;
					};
					F3D2924629DB9A6B00F05277 = {
						CreatedOnToolsVersion = 14.1;
						TestTargetID = F3D2922629DB9A6900F05277;
					};
				};
			};
			buildConfigurationList = F3D2922229DB9A6800F05277 /* Build configuration list for PBXProject "WeatherNow" */;
			compatibilityVersion = "Xcode 14.0";
			developmentRegion = en;
			hasScannedForEncodings = 0;
			knownRegions = (
				en,
				Base,
			);
			mainGroup = F3D2921E29DB9A6800F05277;
			productRefGroup = F3D2922829DB9A6900F05277 /* Products */;
			projectDirPath = "";
			projectRoot = "";
			targets = (
				F3D2922629DB9A6900F05277 /* WeatherNow */,
				F3D2923C29DB9A6B00F05277 /* WeatherNowTests */,
				F3D2924629DB9A6B00F05277 /* WeatherNowUITests */,
			);
		};
/* End PBXProject section */

/* Begin PBXResourcesBuildPhase section */
		F3D2922529DB9A6900F05277 /* Resources */ = {
			isa = PBXResourcesBuildPhase;
			buildActionMask = 2147483647;
			files = (
				F3D2923729DB9A6A00F05277 /* LaunchScreen.storyboard in Resources */,
				F3D2923429DB9A6A00F05277 /* Assets.xcassets in Resources */,
				F3D2923229DB9A6900F05277 /* Main.storyboard in Resources */,
			);
			runOnlyForDeploymentPostprocessing = 0;
		};
		F3D2923B29DB9A6B00F05277 /* Resources */ = {
			isa = PBXResourcesBuildPhase;
			buildActionMask = 2147483647;
			files = (
			);
			runOnlyForDeploymentPostprocessing = 0;
		};
		F3D2924529DB9A6B00F05277 /* Resources */ = {
			isa = PBXResourcesBuildPhase;
			buildActionMask = 2147483647;
			files = (
			);
			runOnlyForDeploymentPostprocessing = 0;
		};
/* End PBXResourcesBuildPhase section */

/* Begin PBXSourcesBuildPhase section */
		F3D2922329DB9A6900F05277 /* Sources */ = {
			isa = PBXSourcesBuildPhase;
			buildActionMask = 2147483647;
			files = (
				F3D2922F29DB9A6900F05277 /* ViewController.swift in Sources */,
				F3D2922B29DB9A6900F05277 /* AppDelegate.swift in Sources */,
				F3D2922D29DB9A6900F05277 /* SceneDelegate.swift in Sources */,
			);
			runOnlyForDeploymentPostprocessing = 0;
		};
		F3D2923929DB9A6B00F05277 /* Sources */ = {
			isa = PBXSourcesBuildPhase;
			buildActionMask = 2147483647;
			files = (
				F3D2924229DB9A6B00F05277 /* WeatherNowTests.swift in Sources */,
			);
			runOnlyForDeploymentPostprocessing = 0;
		};
		F3D2924329DB9A6B00F05277 /* Sources */ = {
			isa = PBXSourcesBuildPhase;
			buildActionMask = 2147483647;
			files = (
				F3D2924E29DB9A6B00F05277 /* WeatherNowUITestsLaunchTests.swift in Sources */,
				F3D2924C29DB9A6B00F05277 /* WeatherNowUITests.swift in Sources */,
			);
			runOnlyForDeploymentPostprocessing = 0;
		};
/* End PBXSourcesBuildPhase section */

/* Begin PBXTargetDependency section */
		F3D2923F29DB9A6B00F05277 /* PBXTargetDependency */ = {
			isa = PBXTargetDependency;
			target = F3D2922629DB9A6900F05277 /* WeatherNow */;
			targetProxy = F3D2923E29DB9A6B00F05277 /* PBXContainerItemProxy */;
		};
		F3D2924929DB9A6B00F05277 /* PBXTargetDependency */ = {
			isa = PBXTargetDependency;
			target = F3D2922629DB9A6900F05277 /* WeatherNow */;
			targetProxy = F3D2924829DB9A6B00F05277 /* PBXContainerItemProxy */;
		};
/* End PBXTargetDependency section */

/* Begin PBXVariantGroup section */
		F3D2923029DB9A6900F05277 /* Main.storyboard */ = {
			isa = PBXVariantGroup;
			children = (
				F3D2923129DB9A6900F05277 /* Base */,
			);
			name = Main.storyboard;
			sourceTree = "<group>";
		};
		F3D2923529DB9A6A00F05277 /* LaunchScreen.storyboard */ = {
			isa = PBXVariantGroup;
			children = (
				F3D2923629DB9A6A00F05277 /* Base */,
			);
			name = LaunchScreen.storyboard;
			sourceTree = "<group>";
		};
/* End PBXVariantGroup section */

/* Begin XCBuildConfiguration section */
		F3D2924F29DB9A6B00F05277 /* Debug */ = {
			isa = XCBuildConfiguration;
			buildSettings = {
				ALWAYS_SEARCH_USER_PATHS = NO;
				CLANG_ANALYZER_NONNULL = YES;
				CLANG_ANALYZER_NUMBER_OBJECT_CONVERSION = YES_AGGRESSIVE;
				CLANG_CXX_LANGUAGE_STANDARD = "gnu++20";
				CLANG_ENABLE_MODULES = YES;
				CLANG_ENABLE_OBJC_ARC = YES;
				CLANG_ENABLE_OBJC_WEAK = YES;
				CLANG_WARN_BLOCK_CAPTURE_AUTORELEASING = YES;
				CLANG_WARN_BOOL_CONVERSION = YES;
				CLANG_WARN_COMMA = YES;
				CLANG_WARN_CONSTANT_CONVERSION = YES;
				CLANG_WARN_DEPRECATED_OBJC_IMPLEMENTATIONS = YES;
				CLANG_WARN_DIRECT_OBJC_ISA_USAGE = YES_ERROR;
				CLANG_WARN_DOCUMENTATION_COMMENTS = YES;
				CLANG_WARN_EMPTY_BODY = YES;
				CLANG_WARN_ENUM_CONVERSION = YES;
				CLANG_WARN_INFINITE_RECURSION = YES;
				CLANG_WARN_INT_CONVERSION = YES;
				CLANG_WARN_NON_LITERAL_NULL_CONVERSION = YES;
				CLANG_WARN_OBJC_IMPLICIT_RETAIN_SELF = YES;
				CLANG_WARN_OBJC_LITERAL_CONVERSION = YES;
				CLANG_WARN_OBJC_ROOT_CLASS = YES_ERROR;
				CLANG_WARN_QUOTED_INCLUDE_IN_FRAMEWORK_HEADER = YES;
				CLANG_WARN_RANGE_LOOP_ANALYSIS = YES;
				CLANG_WARN_STRICT_PROTOTYPES = YES;
				CLANG_WARN_SUSPICIOUS_MOVE = YES;
				CLANG_WARN_UNGUARDED_AVAILABILITY = YES_AGGRESSIVE;
				CLANG_WARN_UNREACHABLE_CODE = YES;
				CLANG_WARN__DUPLICATE_METHOD_MATCH = YES;
				COPY_PHASE_STRIP = NO;
				DEBUG_INFORMATION_FORMAT = dwarf;
				ENABLE_STRICT_OBJC_MSGSEND = YES;
				ENABLE_TESTABILITY = YES;
				GCC_C_LANGUAGE_STANDARD = gnu11;
				GCC_DYNAMIC_NO_PIC = NO;
				GCC_NO_COMMON_BLOCKS = YES;
				GCC_OPTIMIZATION_LEVEL = 0;
				GCC_PREPROCESSOR_DEFINITIONS = (
					"DEBUG=1",
					"$(inherited)",
				);
				GCC_WARN_64_TO_32_BIT_CONVERSION = YES;
				GCC_WARN_ABOUT_RETURN_TYPE = YES_ERROR;
				GCC_WARN_UNDECLARED_SELECTOR = YES;
				GCC_WARN_UNINITIALIZED_AUTOS = YES_AGGRESSIVE;
				GCC_WARN_UNUSED_FUNCTION = YES;
				GCC_WARN_UNUSED_VARIABLE = YES;
				IPHONEOS_DEPLOYMENT_TARGET = 16.1;
				MTL_ENABLE_DEBUG_INFO = INCLUDE_SOURCE;
				MTL_FAST_MATH = YES;
				ONLY_ACTIVE_ARCH = YES;
				SDKROOT = iphoneos;
				SWIFT_ACTIVE_COMPILATION_CONDITIONS = DEBUG;
				SWIFT_OPTIMIZATION_LEVEL = "-Onone";
			};
			name = Debug;
		};
		F3D2925029DB9A6B00F05277 /* Release */ = {
			isa = XCBuildConfiguration;
			buildSettings = {
				ALWAYS_SEARCH_USER_PATHS = NO;
				CLANG_ANALYZER_NONNULL = YES;
				CLANG_ANALYZER_NUMBER_OBJECT_CONVERSION = YES_AGGRESSIVE;
				CLANG_CXX_LANGUAGE_STANDARD = "gnu++20";
				CLANG_ENABLE_MODULES = YES;
				CLANG_ENABLE_OBJC_ARC = YES;
				CLANG_ENABLE_OBJC_WEAK = YES;
				CLANG_WARN_BLOCK_CAPTURE_AUTORELEASING = YES;
				CLANG_WARN_BOOL_CONVERSION = YES;
				CLANG_WARN_COMMA = YES;
				CLANG_WARN_CONSTANT_CONVERSION = YES;
				CLANG_WARN_DEPRECATED_OBJC_IMPLEMENTATIONS = YES;
				CLANG_WARN_DIRECT_OBJC_ISA_USAGE = YES_ERROR;
				CLANG_WARN_DOCUMENTATION_COMMENTS = YES;
				CLANG_WARN_EMPTY_BODY = YES;
				CLANG_WARN_ENUM_CONVERSION = YES;
				CLANG_WARN_INFINITE_RECURSION = YES;
				CLANG_WARN_INT_CONVERSION = YES;
				CLANG_WARN_NON_LITERAL_NULL_CONVERSION = YES;
				CLANG_WARN_OBJC_IMPLICIT_RETAIN_SELF = YES;
				CLANG_WARN_OBJC_LITERAL_CONVERSION = YES;
				CLANG_WARN_OBJC_ROOT_CLASS = YES_ERROR;
				CLANG_WARN_QUOTED_INCLUDE_IN_FRAMEWORK_HEADER = YES;
				CLANG_WARN_RANGE_LOOP_ANALYSIS = YES;
				CLANG_WARN_STRICT_PROTOTYPES = YES;
				CLANG_WARN_SUSPICIOUS_MOVE = YES;
				CLANG_WARN_UNGUARDED_AVAILABILITY = YES_AGGRESSIVE;
				CLANG_WARN_UNREACHABLE_CODE = YES;
				CLANG_WARN__DUPLICATE_METHOD_MATCH = YES;
				COPY_PHASE_STRIP = NO;
				DEBUG_INFORMATION_FORMAT = "dwarf-with-dsym";
				ENABLE_NS_ASSERTIONS = NO;
				ENABLE_STRICT_OBJC_MSGSEND = YES;
				GCC_C_LANGUAGE_STANDARD = gnu11;
				GCC_NO_COMMON_BLOCKS = YES;
				GCC_WARN_64_TO_32_BIT_CONVERSION = YES;
				GCC_WARN_ABOUT_RETURN_TYPE = YES_ERROR;
				GCC_WARN_UNDECLARED_SELECTOR = YES;
				GCC_WARN_UNINITIALIZED_AUTOS = YES_AGGRESSIVE;
				GCC_WARN_UNUSED_FUNCTION = YES;
				GCC_WARN_UNUSED_VARIABLE = YES;
				IPHONEOS_DEPLOYMENT_TARGET = 16.1;
				MTL_ENABLE_DEBUG_INFO = NO;
				MTL_FAST_MATH = YES;
				SDKROOT = iphoneos;
				SWIFT_COMPILATION_MODE = wholemodule;
				SWIFT_OPTIMIZATION_LEVEL = "-O";
				VALIDATE_PRODUCT = YES;
			};
			name = Release;
		};
		F3D2925229DB9A6B00F05277 /* Debug */ = {
			isa = XCBuildConfiguration;
			buildSettings = {
				ASSETCATALOG_COMPILER_APPICON_NAME = AppIcon;
				ASSETCATALOG_COMPILER_GLOBAL_ACCENT_COLOR_NAME = AccentColor;
				CODE_SIGN_STYLE = Automatic;
				CURRENT_PROJECT_VERSION = 1;
				DEVELOPMENT_TEAM = SD48432CPV;
				GENERATE_INFOPLIST_FILE = YES;
				INFOPLIST_FILE = WeatherNow/Info.plist;
				INFOPLIST_KEY_UIApplicationSupportsIndirectInputEvents = YES;
				INFOPLIST_KEY_UILaunchStoryboardName = LaunchScreen;
				INFOPLIST_KEY_UIMainStoryboardFile = Main;
				INFOPLIST_KEY_UIRequiresFullScreen = YES;
				INFOPLIST_KEY_UISupportedInterfaceOrientations = "UIInterfaceOrientationPortrait UIInterfaceOrientationPortraitUpsideDown";
				LD_RUNPATH_SEARCH_PATHS = (
					"$(inherited)",
					"@executable_path/Frameworks",
				);
				MARKETING_VERSION = 1.0;
				PRODUCT_BUNDLE_IDENTIFIER = tony.chen.WeatherNow;
				PRODUCT_NAME = "$(TARGET_NAME)";
				SWIFT_EMIT_LOC_STRINGS = YES;
				SWIFT_VERSION = 5.0;
				TARGETED_DEVICE_FAMILY = "1,2";
			};
			name = Debug;
		};
		F3D2925329DB9A6B00F05277 /* Release */ = {
			isa = XCBuildConfiguration;
			buildSettings = {
				ASSETCATALOG_COMPILER_APPICON_NAME = AppIcon;
				ASSETCATALOG_COMPILER_GLOBAL_ACCENT_COLOR_NAME = AccentColor;
				CODE_SIGN_STYLE = Automatic;
				CURRENT_PROJECT_VERSION = 1;
				DEVELOPMENT_TEAM = SD48432CPV;
				GENERATE_INFOPLIST_FILE = YES;
				INFOPLIST_FILE = WeatherNow/Info.plist;
				INFOPLIST_KEY_UIApplicationSupportsIndirectInputEvents = YES;
				INFOPLIST_KEY_UILaunchStoryboardName = LaunchScreen;
				INFOPLIST_KEY_UIMainStoryboardFile = Main;
				INFOPLIST_KEY_UIRequiresFullScreen = YES;
				INFOPLIST_KEY_UISupportedInterfaceOrientations = "UIInterfaceOrientationPortrait UIInterfaceOrientationPortraitUpsideDown";
				LD_RUNPATH_SEARCH_PATHS = (
					"$(inherited)",
					"@executable_path/Frameworks",
				);
				MARKETING_VERSION = 1.0;
				PRODUCT_BUNDLE_IDENTIFIER = tony.chen.WeatherNow;
				PRODUCT_NAME = "$(TARGET_NAME)";
				SWIFT_EMIT_LOC_STRINGS = YES;
				SWIFT_VERSION = 5.0;
				TARGETED_DEVICE_FAMILY = "1,2";
			};
			name = Release;
		};
		F3D2925529DB9A6B00F05277 /* Debug */ = {
			isa = XCBuildConfiguration;
			buildSettings = {
				ALWAYS_EMBED_SWIFT_STANDARD_LIBRARIES = YES;
				BUNDLE_LOADER = "$(TEST_HOST)";
				CODE_SIGN_STYLE = Automatic;
				CURRENT_PROJECT_VERSION = 1;
				DEVELOPMENT_TEAM = SD48432CPV;
				GENERATE_INFOPLIST_FILE = YES;
				IPHONEOS_DEPLOYMENT_TARGET = 16.1;
				MARKETING_VERSION = 1.0;
				PRODUCT_BUNDLE_IDENTIFIER = tony.chen.WeatherNowTests;
				PRODUCT_NAME = "$(TARGET_NAME)";
				SWIFT_EMIT_LOC_STRINGS = NO;
				SWIFT_VERSION = 5.0;
				TARGETED_DEVICE_FAMILY = "1,2";
				TEST_HOST = "$(BUILT_PRODUCTS_DIR)/WeatherNow.app/$(BUNDLE_EXECUTABLE_FOLDER_PATH)/WeatherNow";
			};
			name = Debug;
		};
		F3D2925629DB9A6B00F05277 /* Release */ = {
			isa = XCBuildConfiguration;
			buildSettings = {
				ALWAYS_EMBED_SWIFT_STANDARD_LIBRARIES = YES;
				BUNDLE_LOADER = "$(TEST_HOST)";
				CODE_SIGN_STYLE = Automatic;
				CURRENT_PROJECT_VERSION = 1;
				DEVELOPMENT_TEAM = SD48432CPV;
				GENERATE_INFOPLIST_FILE = YES;
				IPHONEOS_DEPLOYMENT_TARGET = 16.1;
				MARKETING_VERSION = 1.0;
				PRODUCT_BUNDLE_IDENTIFIER = tony.chen.WeatherNowTests;
				PRODUCT_NAME = "$(TARGET_NAME)";
				SWIFT_EMIT_LOC_STRINGS = NO;
				SWIFT_VERSION = 5.0;
				TARGETED_DEVICE_FAMILY = "1,2";
				TEST_HOST = "$(BUILT_PRODUCTS_DIR)/WeatherNow.app/$(BUNDLE_EXECUTABLE_FOLDER_PATH)/WeatherNow";
			};
			name = Release;
		};
		F3D2925829DB9A6B00F05277 /* Debug */ = {
			isa = XCBuildConfiguration;
			buildSettings = {
				ALWAYS_EMBED_SWIFT_STANDARD_LIBRARIES = YES;
				CODE_SIGN_STYLE = Automatic;
				CURRENT_PROJECT_VERSION = 1;
				DEVELOPMENT_TEAM = SD48432CPV;
				GENERATE_INFOPLIST_FILE = YES;
				MARKETING_VERSION = 1.0;
				PRODUCT_BUNDLE_IDENTIFIER = tony.chen.WeatherNowUITests;
				PRODUCT_NAME = "$(TARGET_NAME)";
				SWIFT_EMIT_LOC_STRINGS = NO;
				SWIFT_VERSION = 5.0;
				TARGETED_DEVICE_FAMILY = "1,2";
				TEST_TARGET_NAME = WeatherNow;
			};
			name = Debug;
		};
		F3D2925929DB9A6B00F05277 /* Release */ = {
			isa = XCBuildConfiguration;
			buildSettings = {
				ALWAYS_EMBED_SWIFT_STANDARD_LIBRARIES = YES;
				CODE_SIGN_STYLE = Automatic;
				CURRENT_PROJECT_VERSION = 1;
				DEVELOPMENT_TEAM = SD48432CPV;
				GENERATE_INFOPLIST_FILE = YES;
				MARKETING_VERSION = 1.0;
				PRODUCT_BUNDLE_IDENTIFIER = tony.chen.WeatherNowUITests;
				PRODUCT_NAME = "$(TARGET_NAME)";
				SWIFT_EMIT_LOC_STRINGS = NO;
				SWIFT_VERSION = 5.0;
				TARGETED_DEVICE_FAMILY = "1,2";
				TEST_TARGET_NAME = WeatherNow;
			};
			name = Release;
		};
/* End XCBuildConfiguration section */

/* Begin XCConfigurationList section */
		F3D2922229DB9A6800F05277 /* Build configuration list for PBXProject "WeatherNow" */ = {
			isa = XCConfigurationList;
			buildConfigurations = (
				F3D2924F29DB9A6B00F05277 /* Debug */,
				F3D2925029DB9A6B00F05277 /* Release */,
			);
			defaultConfigurationIsVisible = 0;
			defaultConfigurationName = Release;
		};
		F3D2925129DB9A6B00F05277 /* Build configuration list for PBXNativeTarget "WeatherNow" */ = {
			isa = XCConfigurationList;
			buildConfigurations = (
				F3D2925229DB9A6B00F05277 /* Debug */,
				F3D2925329DB9A6B00F05277 /* Release */,
			);
			defaultConfigurationIsVisible = 0;
			defaultConfigurationName = Release;
		};
		F3D2925429DB9A6B00F05277 /* Build configuration list for PBXNativeTarget "WeatherNowTests" */ = {
			isa = XCConfigurationList;
			buildConfigurations = (
				F3D2925529DB9A6B00F05277 /* Debug */,
				F3D2925629DB9A6B00F05277 /* Release */,
			);
			defaultConfigurationIsVisible = 0;
			defaultConfigurationName = Release;
		};
		F3D2925729DB9A6B00F05277 /* Build configuration list for PBXNativeTarget "WeatherNowUITests" */ = {
			isa = XCConfigurationList;
			buildConfigurations = (
				F3D2925829DB9A6B00F05277 /* Debug */,
				F3D2925929DB9A6B00F05277 /* Release */,
			);
			defaultConfigurationIsVisible = 0;
			defaultConfigurationName = Release;
		};
/* End XCConfigurationList section */
	};
	rootObject = F3D2921F29DB9A6800F05277 /* Project object */;
}
