// !$*UTF8*$!
{
	archiveVersion = 1;
	classes = {
	};
	objectVersion = 56;
	objects = {

/* Begin PBXBuildFile section */
		F3D2922B29DB9A6900F05277 /* AppDelegate.swift in Sources */ = {isa = PBXBuildFile; fileRef = F3D2922A29DB9A6900F05277 /* AppDelegate.swift */; };
		F3D2922D29DB9A6900F05277 /* SceneDelegate.swift in Sources */ = {isa = PBXBuildFile; fileRef = F3D2922C29DB9A6900F05277 /* SceneDelegate.swift */; };
		F3D2922F29DB9A6900F05277 /* ViewController.swift in Sources */ = {isa = PBXBuildFile; fileRef = F3D2922E29DB9A6900F05277 /* ViewController.swift */; };
		F3D2923229DB9A6900F05277 /* Main.storyboard in Resources */ = {isa = PBXBuildFile; fileRef = F3D2923029DB9A6900F05277 /* Main.storyboard */; };
		F3D2923429DB9A6A00F05277 /* Assets.xcassets in Resources */ = {isa = PBXBuildFile; fileRef = F3D2923329DB9A6A00F05277 /* Assets.xcassets */; };
		F3D2923729DB9A6A00F05277 /* LaunchScreen.storyboard in Resources */ = {isa = PBXBuildFile; fileRef = F3D2923529DB9A6A00F05277 /* LaunchScreen.storyboard */; };
		F3D2925B29DB9AF500F05277 /* APIKey.swift in Sources */ = {isa = PBXBuildFile; fileRef = F3D2925A29DB9AF500F05277 /* APIKey.swift */; };
		F3D2925D29DB9B0400F05277 /* BackgroundImage.swift in Sources */ = {isa = PBXBuildFile; fileRef = F3D2925C29DB9B0400F05277 /* BackgroundImage.swift */; };
		F3D2925F29DB9B1400F05277 /* WeatherData.swift in Sources */ = {isa = PBXBuildFile; fileRef = F3D2925E29DB9B1400F05277 /* WeatherData.swift */; };
		F3D2926129DB9B2400F05277 /* APIService.swift in Sources */ = {isa = PBXBuildFile; fileRef = F3D2926029DB9B2400F05277 /* APIService.swift */; };
		F3D2926329DB9B4000F05277 /* AlertManager.swift in Sources */ = {isa = PBXBuildFile; fileRef = F3D2926229DB9B4000F05277 /* AlertManager.swift */; };
		F3D2926629DB9BDD00F05277 /* SkeletonView in Frameworks */ = {isa = PBXBuildFile; productRef = F3D2926529DB9BDD00F05277 /* SkeletonView */; };
		F3D2926929DB9C2B00F05277 /* Lottie in Frameworks */ = {isa = PBXBuildFile; productRef = F3D2926829DB9C2B00F05277 /* Lottie */; };
		F3D2926C29DB9C4500F05277 /* Alamofire in Frameworks */ = {isa = PBXBuildFile; productRef = F3D2926B29DB9C4500F05277 /* Alamofire */; };
		F3D2928029DB9DF700F05277 /* 50n.json in Resources */ = {isa = PBXBuildFile; fileRef = F3D2926E29DB9DF600F05277 /* 50n.json */; };
		F3D2928129DB9DF700F05277 /* 10n.json in Resources */ = {isa = PBXBuildFile; fileRef = F3D2926F29DB9DF600F05277 /* 10n.json */; };
		F3D2928229DB9DF700F05277 /* 09n.json in Resources */ = {isa = PBXBuildFile; fileRef = F3D2927029DB9DF600F05277 /* 09n.json */; };
		F3D2928329DB9DF700F05277 /* 11n.json in Resources */ = {isa = PBXBuildFile; fileRef = F3D2927129DB9DF600F05277 /* 11n.json */; };
		F3D2928429DB9DF700F05277 /* 02n.json in Resources */ = {isa = PBXBuildFile; fileRef = F3D2927229DB9DF600F05277 /* 02n.json */; };
		F3D2928529DB9DF700F05277 /* 03n.json in Resources */ = {isa = PBXBuildFile; fileRef = F3D2927329DB9DF600F05277 /* 03n.json */; };
		F3D2928629DB9DF700F05277 /* 13d.json in Resources */ = {isa = PBXBuildFile; fileRef = F3D2927429DB9DF600F05277 /* 13d.json */; };
		F3D2928729DB9DF700F05277 /* 01d.json in Resources */ = {isa = PBXBuildFile; fileRef = F3D2927529DB9DF600F05277 /* 01d.json */; };
		F3D2928829DB9DF700F05277 /* 03d.json in Resources */ = {isa = PBXBuildFile; fileRef = F3D2927629DB9DF700F05277 /* 03d.json */; };
		F3D2928929DB9DF700F05277 /* 02d.json in Resources */ = {isa = PBXBuildFile; fileRef = F3D2927729DB9DF700F05277 /* 02d.json */; };
		F3D2928A29DB9DF700F05277 /* 11d.json in Resources */ = {isa = PBXBuildFile; fileRef = F3D2927829DB9DF700F05277 /* 11d.json */; };
		F3D2928B29DB9DF700F05277 /* 50d.json in Resources */ = {isa = PBXBuildFile; fileRef = F3D2927929DB9DF700F05277 /* 50d.json */; };
		F3D2928C29DB9DF700F05277 /* 10d.json in Resources */ = {isa = PBXBuildFile; fileRef = F3D2927A29DB9DF700F05277 /* 10d.json */; };
		F3D2928D29DB9DF700F05277 /* 13n.json in Resources */ = {isa = PBXBuildFile; fileRef = F3D2927B29DB9DF700F05277 /* 13n.json */; };
		F3D2928E29DB9DF700F05277 /* 09d.json in Resources */ = {isa = PBXBuildFile; fileRef = F3D2927C29DB9DF700F05277 /* 09d.json */; };
		F3D2928F29DB9DF700F05277 /* 04n.json in Resources */ = {isa = PBXBuildFile; fileRef = F3D2927D29DB9DF700F05277 /* 04n.json */; };
		F3D2929029DB9DF700F05277 /* 01n.json in Resources */ = {isa = PBXBuildFile; fileRef = F3D2927E29DB9DF700F05277 /* 01n.json */; };
		F3D2929129DB9DF700F05277 /* 04d.json in Resources */ = {isa = PBXBuildFile; fileRef = F3D2927F29DB9DF700F05277 /* 04d.json */; };
/* End PBXBuildFile section */

/* Begin PBXContainerItemProxy section */
		F3D2923E29DB9A6B00F05277 /* PBXContainerItemProxy */ = {
			isa = PBXContainerItemProxy;
			containerPortal = F3D2921F29DB9A6800F05277 /* Project object */;
			proxyType = 1;
			remoteGlobalIDString = F3D2922629DB9A6900F05277;
			remoteInfo = WeatherNow;
		};
		F3D2924829DB9A6B00F05277 /* PBXContainerItemProxy */ = {
			isa = PBXContainerItemProxy;
			containerPortal = F3D2921F29DB9A6800F05277 /* Project object */;
			proxyType = 1;
			remoteGlobalIDString = F3D2922629DB9A6900F05277;
			remoteInfo = WeatherNow;
		};
/* End PBXContainerItemProxy section */

/* Begin PBXFileReference section */
		F3D2922729DB9A6900F05277 /* WeatherNow.app */ = {isa = PBXFileReference; explicitFileType = wrapper.application; includeInIndex = 0; path = WeatherNow.app; sourceTree = BUILT_PRODUCTS_DIR; };
		F3D2922A29DB9A6900F05277 /* AppDelegate.swift */ = {isa = PBXFileReference; lastKnownFileType = sourcecode.swift; path = AppDelegate.swift; sourceTree = "<group>"; };
		F3D2922C29DB9A6900F05277 /* SceneDelegate.swift */ = {isa = PBXFileReference; lastKnownFileType = sourcecode.swift; path = SceneDelegate.swift; sourceTree = "<group>"; };
		F3D2922E29DB9A6900F05277 /* ViewController.swift */ = {isa = PBXFileReference; lastKnownFileType = sourcecode.swift; path = ViewController.swift; sourceTree = "<group>"; };
		F3D2923129DB9A6900F05277 /* Base */ = {isa = PBXFileReference; lastKnownFileType = file.storyboard; name = Base; path = Base.lproj/Main.storyboard; sourceTree = "<group>"; };
		F3D2923329DB9A6A00F05277 /* Assets.xcassets */ = {isa = PBXFileReference; lastKnownFileType = folder.assetcatalog; path = Assets.xcassets; sourceTree = "<group>"; };
		F3D2923629DB9A6A00F05277 /* Base */ = {isa = PBXFileReference; lastKnownFileType = file.storyboard; name = Base; path = Base.lproj/LaunchScreen.storyboard; sourceTree = "<group>"; };
		F3D2923829DB9A6A00F05277 /* Info.plist */ = {isa = PBXFileReference; lastKnownFileType = text.plist.xml; path = Info.plist; sourceTree = "<group>"; };
		F3D2923D29DB9A6B00F05277 /* WeatherNowTests.xctest */ = {isa = PBXFileReference; explicitFileType = wrapper.cfbundle; includeInIndex = 0; path = WeatherNowTests.xctest; sourceTree = BUILT_PRODUCTS_DIR; };
		F3D2924729DB9A6B00F05277 /* WeatherNowUITests.xctest */ = {isa = PBXFileReference; explicitFileType = wrapper.cfbundle; includeInIndex = 0; path = WeatherNowUITests.xctest; sourceTree = BUILT_PRODUCTS_DIR; };
		F3D2925A29DB9AF500F05277 /* APIKey.swift */ = {isa = PBXFileReference; lastKnownFileType = sourcecode.swift; path = APIKey.swift; sourceTree = "<group>"; };
		F3D2925C29DB9B0400F05277 /* BackgroundImage.swift */ = {isa = PBXFileReference; lastKnownFileType = sourcecode.swift; path = BackgroundImage.swift; sourceTree = "<group>"; };
		F3D2925E29DB9B1400F05277 /* WeatherData.swift */ = {isa = PBXFileReference; lastKnownFileType = sourcecode.swift; path = WeatherData.swift; sourceTree = "<group>"; };
		F3D2926029DB9B2400F05277 /* APIService.swift */ = {isa = PBXFileReference; lastKnownFileType = sourcecode.swift; path = APIService.swift; sourceTree = "<group>"; };
		F3D2926229DB9B4000F05277 /* AlertManager.swift */ = {isa = PBXFileReference; lastKnownFileType = sourcecode.swift; path = AlertManager.swift; sourceTree = "<group>"; };
		F3D2926E29DB9DF600F05277 /* 50n.json */ = {isa = PBXFileReference; fileEncoding = 4; lastKnownFileType = text.json; path = 50n.json; sourceTree = "<group>"; };
		F3D2926F29DB9DF600F05277 /* 10n.json */ = {isa = PBXFileReference; fileEncoding = 4; lastKnownFileType = text.json; path = 10n.json; sourceTree = "<group>"; };
		F3D2927029DB9DF600F05277 /* 09n.json */ = {isa = PBXFileReference; fileEncoding = 4; lastKnownFileType = text.json; path = 09n.json; sourceTree = "<group>"; };
		F3D2927129DB9DF600F05277 /* 11n.json */ = {isa = PBXFileReference; fileEncoding = 4; lastKnownFileType = text.json; path = 11n.json; sourceTree = "<group>"; };
		F3D2927229DB9DF600F05277 /* 02n.json */ = {isa = PBXFileReference; fileEncoding = 4; lastKnownFileType = text.json; path = 02n.json; sourceTree = "<group>"; };
		F3D2927329DB9DF600F05277 /* 03n.json */ = {isa = PBXFileReference; fileEncoding = 4; lastKnownFileType = text.json; path = 03n.json; sourceTree = "<group>"; };
		F3D2927429DB9DF600F05277 /* 13d.json */ = {isa = PBXFileReference; fileEncoding = 4; lastKnownFileType = text.json; path = 13d.json; sourceTree = "<group>"; };
		F3D2927529DB9DF600F05277 /* 01d.json */ = {isa = PBXFileReference; fileEncoding = 4; lastKnownFileType = text.json; path = 01d.json; sourceTree = "<group>"; };
		F3D2927629DB9DF700F05277 /* 03d.json */ = {isa = PBXFileReference; fileEncoding = 4; lastKnownFileType = text.json; path = 03d.json; sourceTree = "<group>"; };
		F3D2927729DB9DF700F05277 /* 02d.json */ = {isa = PBXFileReference; fileEncoding = 4; lastKnownFileType = text.json; path = 02d.json; sourceTree = "<group>"; };
		F3D2927829DB9DF700F05277 /* 11d.json */ = {isa = PBXFileReference; fileEncoding = 4; lastKnownFileType = text.json; path = 11d.json; sourceTree = "<group>"; };
		F3D2927929DB9DF700F05277 /* 50d.json */ = {isa = PBXFileReference; fileEncoding = 4; lastKnownFileType = text.json; path = 50d.json; sourceTree = "<group>"; };
		F3D2927A29DB9DF700F05277 /* 10d.json */ = {isa = PBXFileReference; fileEncoding = 4; lastKnownFileType = text.json; path = 10d.json; sourceTree = "<group>"; };
		F3D2927B29DB9DF700F05277 /* 13n.json */ = {isa = PBXFileReference; fileEncoding = 4; lastKnownFileType = text.json; path = 13n.json; sourceTree = "<group>"; };
		F3D2927C29DB9DF700F05277 /* 09d.json */ = {isa = PBXFileReference; fileEncoding = 4; lastKnownFileType = text.json; path = 09d.json; sourceTree = "<group>"; };
		F3D2927D29DB9DF700F05277 /* 04n.json */ = {isa = PBXFileReference; fileEncoding = 4; lastKnownFileType = text.json; path = 04n.json; sourceTree = "<group>"; };
		F3D2927E29DB9DF700F05277 /* 01n.json */ = {isa = PBXFileReference; fileEncoding = 4; lastKnownFileType = text.json; path = 01n.json; sourceTree = "<group>"; };
		F3D2927F29DB9DF700F05277 /* 04d.json */ = {isa = PBXFileReference; fileEncoding = 4; lastKnownFileType = text.json; path = 04d.json; sourceTree = "<group>"; };
/* End PBXFileReference section */

/* Begin PBXFrameworksBuildPhase section */
		F3D2922429DB9A6900F05277 /* Frameworks */ = {
			isa = PBXFrameworksBuildPhase;
			buildActionMask = 2147483647;
			files = (
				F3D2926C29DB9C4500F05277 /* Alamofire in Frameworks */,
				F3D2926629DB9BDD00F05277 /* SkeletonView in Frameworks */,
				F3D2926929DB9C2B00F05277 /* Lottie in Frameworks */,
			);
			runOnlyForDeploymentPostprocessing = 0;
		};
		F3D2923A29DB9A6B00F05277 /* Frameworks */ = {
			isa = PBXFrameworksBuildPhase;
			buildActionMask = 2147483647;
			files = (
			);
			runOnlyForDeploymentPostprocessing = 0;
		};
		F3D2924429DB9A6B00F05277 /* Frameworks */ = {
			isa = PBXFrameworksBuildPhase;
			buildActionMask = 2147483647;
			files = (
			);
			runOnlyForDeploymentPostprocessing = 0;
		};
/* End PBXFrameworksBuildPhase section */

/* Begin PBXGroup section */
		F3D2921E29DB9A6800F05277 = {
			isa = PBXGroup;
			children = (
				F3D2922929DB9A6900F05277 /* WeatherNow */,
				F3D2922829DB9A6900F05277 /* Products */,
			);
			sourceTree = "<group>";
		};
		F3D2922829DB9A6900F05277 /* Products */ = {
			isa = PBXGroup;
			children = (
				F3D2922729DB9A6900F05277 /* WeatherNow.app */,
				F3D2923D29DB9A6B00F05277 /* WeatherNowTests.xctest */,
				F3D2924729DB9A6B00F05277 /* WeatherNowUITests.xctest */,
			);
			name = Products;
			sourceTree = "<group>";
		};
		F3D2922929DB9A6900F05277 /* WeatherNow */ = {
			isa = PBXGroup;
			children = (
				F3D2926D29DB9DDD00F05277 /* WeatherAnimation */,
				F3D2922A29DB9A6900F05277 /* AppDelegate.swift */,
				F3D2922C29DB9A6900F05277 /* SceneDelegate.swift */,
				F3D2922E29DB9A6900F05277 /* ViewController.swift */,
				F3D2923029DB9A6900F05277 /* Main.storyboard */,
				F3D2923329DB9A6A00F05277 /* Assets.xcassets */,
				F3D2923529DB9A6A00F05277 /* LaunchScreen.storyboard */,
				F3D2923829DB9A6A00F05277 /* Info.plist */,
				F3D2925A29DB9AF500F05277 /* APIKey.swift */,
				F3D2925C29DB9B0400F05277 /* BackgroundImage.swift */,
				F3D2925E29DB9B1400F05277 /* WeatherData.swift */,
				F3D2926029DB9B2400F05277 /* APIService.swift */,
				F3D2926229DB9B4000F05277 /* AlertManager.swift */,
			);
			path = WeatherNow;
			sourceTree = "<group>";
		};
		F3D2926D29DB9DDD00F05277 /* WeatherAnimation */ = {
			isa = PBXGroup;
			children = (
				F3D2927529DB9DF600F05277 /* 01d.json */,
				F3D2927E29DB9DF700F05277 /* 01n.json */,
				F3D2927729DB9DF700F05277 /* 02d.json */,
				F3D2927229DB9DF600F05277 /* 02n.json */,
				F3D2927629DB9DF700F05277 /* 03d.json */,
				F3D2927329DB9DF600F05277 /* 03n.json */,
				F3D2927F29DB9DF700F05277 /* 04d.json */,
				F3D2927D29DB9DF700F05277 /* 04n.json */,
				F3D2927C29DB9DF700F05277 /* 09d.json */,
				F3D2927029DB9DF600F05277 /* 09n.json */,
				F3D2927A29DB9DF700F05277 /* 10d.json */,
				F3D2926F29DB9DF600F05277 /* 10n.json */,
				F3D2927829DB9DF700F05277 /* 11d.json */,
				F3D2927129DB9DF600F05277 /* 11n.json */,
				F3D2927429DB9DF600F05277 /* 13d.json */,
				F3D2927B29DB9DF700F05277 /* 13n.json */,
				F3D2927929DB9DF700F05277 /* 50d.json */,
				F3D2926E29DB9DF600F05277 /* 50n.json */,
			);
			path = WeatherAnimation;
			sourceTree = "<group>";
		};
/* End PBXGroup section */

/* Begin PBXNativeTarget section */
		F3D2922629DB9A6900F05277 /* WeatherNow */ = {
			isa = PBXNativeTarget;
			buildConfigurationList = F3D2925129DB9A6B00F05277 /* Build configuration list for PBXNativeTarget "WeatherNow" */;
			buildPhases = (
				F3D2922329DB9A6900F05277 /* Sources */,
				F3D2922429DB9A6900F05277 /* Frameworks */,
				F3D2922529DB9A6900F05277 /* Resources */,
			);
			buildRules = (
			);
			dependencies = (
			);
			name = WeatherNow;
			packageProductDependencies = (
				F3D2926529DB9BDD00F05277 /* SkeletonView */,
				F3D2926829DB9C2B00F05277 /* Lottie */,
				F3D2926B29DB9C4500F05277 /* Alamofire */,
			);
			productName = WeatherNow;
			productReference = F3D2922729DB9A6900F05277 /* WeatherNow.app */;
			productType = "com.apple.product-type.application";
		};
		F3D2923C29DB9A6B00F05277 /* WeatherNowTests */ = {
			isa = PBXNativeTarget;
			buildConfigurationList = F3D2925429DB9A6B00F05277 /* Build configuration list for PBXNativeTarget "WeatherNowTests" */;
			buildPhases = (
				F3D2923929DB9A6B00F05277 /* Sources */,
				F3D2923A29DB9A6B00F05277 /* Frameworks */,
				F3D2923B29DB9A6B00F05277 /* Resources */,
			);
			buildRules = (
			);
			dependencies = (
				F3D2923F29DB9A6B00F05277 /* PBXTargetDependency */,
			);
			name = WeatherNowTests;
			productName = WeatherNowTests;
			productReference = F3D2923D29DB9A6B00F05277 /* WeatherNowTests.xctest */;
			productType = "com.apple.product-type.bundle.unit-test";
		};
		F3D2924629DB9A6B00F05277 /* WeatherNowUITests */ = {
			isa = PBXNativeTarget;
			buildConfigurationList = F3D2925729DB9A6B00F05277 /* Build configuration list for PBXNativeTarget "WeatherNowUITests" */;
			buildPhases = (
				F3D2924329DB9A6B00F05277 /* Sources */,
				F3D2924429DB9A6B00F05277 /* Frameworks */,
				F3D2924529DB9A6B00F05277 /* Resources */,
			);
			buildRules = (
			);
			dependencies = (
				F3D2924929DB9A6B00F05277 /* PBXTargetDependency */,
			);
			name = WeatherNowUITests;
			productName = WeatherNowUITests;
			productReference = F3D2924729DB9A6B00F05277 /* WeatherNowUITests.xctest */;
			productType = "com.apple.product-type.bundle.ui-testing";
		};
/* End PBXNativeTarget section */

/* Begin PBXProject section */
		F3D2921F29DB9A6800F05277 /* Project object */ = {
			isa = PBXProject;
			attributes = {
				BuildIndependentTargetsInParallel = 1;
				LastSwiftUpdateCheck = 1410;
				LastUpgradeCheck = 1410;
				TargetAttributes = {
					F3D2922629DB9A6900F05277 = {
						CreatedOnToolsVersion = 14.1;
					};
					F3D2923C29DB9A6B00F05277 = {
						CreatedOnToolsVersion = 14.1;
						TestTargetID = F3D2922629DB9A6900F05277;
					};
					F3D2924629DB9A6B00F05277 = {
						CreatedOnToolsVersion = 14.1;
						TestTargetID = F3D2922629DB9A6900F05277;
					};
				};
			};
			buildConfigurationList = F3D2922229DB9A6800F05277 /* Build configuration list for PBXProject "WeatherNow" */;
			compatibilityVersion = "Xcode 14.0";
			developmentRegion = en;
			hasScannedForEncodings = 0;
			knownRegions = (
				en,
				Base,
			);
			mainGroup = F3D2921E29DB9A6800F05277;
			packageReferences = (
				F3D2926429DB9BDD00F05277 /* XCRemoteSwiftPackageReference "SkeletonView" */,
				F3D2926729DB9C2B00F05277 /* XCRemoteSwiftPackageReference "lottie-ios" */,
				F3D2926A29DB9C4500F05277 /* XCRemoteSwiftPackageReference "Alamofire" */,
			);
			productRefGroup = F3D2922829DB9A6900F05277 /* Products */;
			projectDirPath = "";
			projectRoot = "";
			targets = (
				F3D2922629DB9A6900F05277 /* WeatherNow */,
				F3D2923C29DB9A6B00F05277 /* WeatherNowTests */,
				F3D2924629DB9A6B00F05277 /* WeatherNowUITests */,
			);
		};
/* End PBXProject section */

/* Begin PBXResourcesBuildPhase section */
		F3D2922529DB9A6900F05277 /* Resources */ = {
			isa = PBXResourcesBuildPhase;
			buildActionMask = 2147483647;
			files = (
				F3D2928529DB9DF700F05277 /* 03n.json in Resources */,
				F3D2928429DB9DF700F05277 /* 02n.json in Resources */,
				F3D2928329DB9DF700F05277 /* 11n.json in Resources */,
				F3D2928829DB9DF700F05277 /* 03d.json in Resources */,
				F3D2928929DB9DF700F05277 /* 02d.json in Resources */,
				F3D2928C29DB9DF700F05277 /* 10d.json in Resources */,
				F3D2929129DB9DF700F05277 /* 04d.json in Resources */,
				F3D2928F29DB9DF700F05277 /* 04n.json in Resources */,
				F3D2923729DB9A6A00F05277 /* LaunchScreen.storyboard in Resources */,
				F3D2928629DB9DF700F05277 /* 13d.json in Resources */,
				F3D2923429DB9A6A00F05277 /* Assets.xcassets in Resources */,
				F3D2928E29DB9DF700F05277 /* 09d.json in Resources */,
				F3D2928729DB9DF700F05277 /* 01d.json in Resources */,
				F3D2928B29DB9DF700F05277 /* 50d.json in Resources */,
				F3D2923229DB9A6900F05277 /* Main.storyboard in Resources */,
				F3D2928A29DB9DF700F05277 /* 11d.json in Resources */,
				F3D2928229DB9DF700F05277 /* 09n.json in Resources */,
				F3D2928D29DB9DF700F05277 /* 13n.json in Resources */,
				F3D2928029DB9DF700F05277 /* 50n.json in Resources */,
				F3D2928129DB9DF700F05277 /* 10n.json in Resources */,
				F3D2929029DB9DF700F05277 /* 01n.json in Resources */,
			);
			runOnlyForDeploymentPostprocessing = 0;
		};
		F3D2923B29DB9A6B00F05277 /* Resources */ = {
			isa = PBXResourcesBuildPhase;
			buildActionMask = 2147483647;
			files = (
			);
			runOnlyForDeploymentPostprocessing = 0;
		};
		F3D2924529DB9A6B00F05277 /* Resources */ = {
			isa = PBXResourcesBuildPhase;
			buildActionMask = 2147483647;
			files = (
			);
			runOnlyForDeploymentPostprocessing = 0;
		};
/* End PBXResourcesBuildPhase section */

/* Begin PBXSourcesBuildPhase section */
		F3D2922329DB9A6900F05277 /* Sources */ = {
			isa = PBXSourcesBuildPhase;
			buildActionMask = 2147483647;
			files = (
				F3D2926329DB9B4000F05277 /* AlertManager.swift in Sources */,
				F3D2922F29DB9A6900F05277 /* ViewController.swift in Sources */,
				F3D2926129DB9B2400F05277 /* APIService.swift in Sources */,
				F3D2922B29DB9A6900F05277 /* AppDelegate.swift in Sources */,
				F3D2925B29DB9AF500F05277 /* APIKey.swift in Sources */,
				F3D2925D29DB9B0400F05277 /* BackgroundImage.swift in Sources */,
				F3D2925F29DB9B1400F05277 /* WeatherData.swift in Sources */,
				F3D2922D29DB9A6900F05277 /* SceneDelegate.swift in Sources */,
			);
			runOnlyForDeploymentPostprocessing = 0;
		};
		F3D2923929DB9A6B00F05277 /* Sources */ = {
			isa = PBXSourcesBuildPhase;
			buildActionMask = 2147483647;
			files = (
			);
			runOnlyForDeploymentPostprocessing = 0;
		};
		F3D2924329DB9A6B00F05277 /* Sources */ = {
			isa = PBXSourcesBuildPhase;
			buildActionMask = 2147483647;
			files = (
			);
			runOnlyForDeploymentPostprocessing = 0;
		};
/* End PBXSourcesBuildPhase section */

/* Begin PBXTargetDependency section */
		F3D2923F29DB9A6B00F05277 /* PBXTargetDependency */ = {
			isa = PBXTargetDependency;
			target = F3D2922629DB9A6900F05277 /* WeatherNow */;
			targetProxy = F3D2923E29DB9A6B00F05277 /* PBXContainerItemProxy */;
		};
		F3D2924929DB9A6B00F05277 /* PBXTargetDependency */ = {
			isa = PBXTargetDependency;
			target = F3D2922629DB9A6900F05277 /* WeatherNow */;
			targetProxy = F3D2924829DB9A6B00F05277 /* PBXContainerItemProxy */;
		};
/* End PBXTargetDependency section */

/* Begin PBXVariantGroup section */
		F3D2923029DB9A6900F05277 /* Main.storyboard */ = {
			isa = PBXVariantGroup;
			children = (
				F3D2923129DB9A6900F05277 /* Base */,
			);
			name = Main.storyboard;
			sourceTree = "<group>";
		};
		F3D2923529DB9A6A00F05277 /* LaunchScreen.storyboard */ = {
			isa = PBXVariantGroup;
			children = (
				F3D2923629DB9A6A00F05277 /* Base */,
			);
			name = LaunchScreen.storyboard;
			sourceTree = "<group>";
		};
/* End PBXVariantGroup section */

/* Begin XCBuildConfiguration section */
		F3D2924F29DB9A6B00F05277 /* Debug */ = {
			isa = XCBuildConfiguration;
			buildSettings = {
				ALWAYS_SEARCH_USER_PATHS = NO;
				CLANG_ANALYZER_NONNULL = YES;
				CLANG_ANALYZER_NUMBER_OBJECT_CONVERSION = YES_AGGRESSIVE;
				CLANG_CXX_LANGUAGE_STANDARD = "gnu++20";
				CLANG_ENABLE_MODULES = YES;
				CLANG_ENABLE_OBJC_ARC = YES;
				CLANG_ENABLE_OBJC_WEAK = YES;
				CLANG_WARN_BLOCK_CAPTURE_AUTORELEASING = YES;
				CLANG_WARN_BOOL_CONVERSION = YES;
				CLANG_WARN_COMMA = YES;
				CLANG_WARN_CONSTANT_CONVERSION = YES;
				CLANG_WARN_DEPRECATED_OBJC_IMPLEMENTATIONS = YES;
				CLANG_WARN_DIRECT_OBJC_ISA_USAGE = YES_ERROR;
				CLANG_WARN_DOCUMENTATION_COMMENTS = YES;
				CLANG_WARN_EMPTY_BODY = YES;
				CLANG_WARN_ENUM_CONVERSION = YES;
				CLANG_WARN_INFINITE_RECURSION = YES;
				CLANG_WARN_INT_CONVERSION = YES;
				CLANG_WARN_NON_LITERAL_NULL_CONVERSION = YES;
				CLANG_WARN_OBJC_IMPLICIT_RETAIN_SELF = YES;
				CLANG_WARN_OBJC_LITERAL_CONVERSION = YES;
				CLANG_WARN_OBJC_ROOT_CLASS = YES_ERROR;
				CLANG_WARN_QUOTED_INCLUDE_IN_FRAMEWORK_HEADER = YES;
				CLANG_WARN_RANGE_LOOP_ANALYSIS = YES;
				CLANG_WARN_STRICT_PROTOTYPES = YES;
				CLANG_WARN_SUSPICIOUS_MOVE = YES;
				CLANG_WARN_UNGUARDED_AVAILABILITY = YES_AGGRESSIVE;
				CLANG_WARN_UNREACHABLE_CODE = YES;
				CLANG_WARN__DUPLICATE_METHOD_MATCH = YES;
				COPY_PHASE_STRIP = NO;
				DEBUG_INFORMATION_FORMAT = dwarf;
				ENABLE_STRICT_OBJC_MSGSEND = YES;
				ENABLE_TESTABILITY = YES;
				GCC_C_LANGUAGE_STANDARD = gnu11;
				GCC_DYNAMIC_NO_PIC = NO;
				GCC_NO_COMMON_BLOCKS = YES;
				GCC_OPTIMIZATION_LEVEL = 0;
				GCC_PREPROCESSOR_DEFINITIONS = (
					"DEBUG=1",
					"$(inherited)",
				);
				GCC_WARN_64_TO_32_BIT_CONVERSION = YES;
				GCC_WARN_ABOUT_RETURN_TYPE = YES_ERROR;
				GCC_WARN_UNDECLARED_SELECTOR = YES;
				GCC_WARN_UNINITIALIZED_AUTOS = YES_AGGRESSIVE;
				GCC_WARN_UNUSED_FUNCTION = YES;
				GCC_WARN_UNUSED_VARIABLE = YES;
				IPHONEOS_DEPLOYMENT_TARGET = 16.1;
				MTL_ENABLE_DEBUG_INFO = INCLUDE_SOURCE;
				MTL_FAST_MATH = YES;
				ONLY_ACTIVE_ARCH = YES;
				SDKROOT = iphoneos;
				SWIFT_ACTIVE_COMPILATION_CONDITIONS = DEBUG;
				SWIFT_OPTIMIZATION_LEVEL = "-Onone";
			};
			name = Debug;
		};
		F3D2925029DB9A6B00F05277 /* Release */ = {
			isa = XCBuildConfiguration;
			buildSettings = {
				ALWAYS_SEARCH_USER_PATHS = NO;
				CLANG_ANALYZER_NONNULL = YES;
				CLANG_ANALYZER_NUMBER_OBJECT_CONVERSION = YES_AGGRESSIVE;
				CLANG_CXX_LANGUAGE_STANDARD = "gnu++20";
				CLANG_ENABLE_MODULES = YES;
				CLANG_ENABLE_OBJC_ARC = YES;
				CLANG_ENABLE_OBJC_WEAK = YES;
				CLANG_WARN_BLOCK_CAPTURE_AUTORELEASING = YES;
				CLANG_WARN_BOOL_CONVERSION = YES;
				CLANG_WARN_COMMA = YES;
				CLANG_WARN_CONSTANT_CONVERSION = YES;
				CLANG_WARN_DEPRECATED_OBJC_IMPLEMENTATIONS = YES;
				CLANG_WARN_DIRECT_OBJC_ISA_USAGE = YES_ERROR;
				CLANG_WARN_DOCUMENTATION_COMMENTS = YES;
				CLANG_WARN_EMPTY_BODY = YES;
				CLANG_WARN_ENUM_CONVERSION = YES;
				CLANG_WARN_INFINITE_RECURSION = YES;
				CLANG_WARN_INT_CONVERSION = YES;
				CLANG_WARN_NON_LITERAL_NULL_CONVERSION = YES;
				CLANG_WARN_OBJC_IMPLICIT_RETAIN_SELF = YES;
				CLANG_WARN_OBJC_LITERAL_CONVERSION = YES;
				CLANG_WARN_OBJC_ROOT_CLASS = YES_ERROR;
				CLANG_WARN_QUOTED_INCLUDE_IN_FRAMEWORK_HEADER = YES;
				CLANG_WARN_RANGE_LOOP_ANALYSIS = YES;
				CLANG_WARN_STRICT_PROTOTYPES = YES;
				CLANG_WARN_SUSPICIOUS_MOVE = YES;
				CLANG_WARN_UNGUARDED_AVAILABILITY = YES_AGGRESSIVE;
				CLANG_WARN_UNREACHABLE_CODE = YES;
				CLANG_WARN__DUPLICATE_METHOD_MATCH = YES;
				COPY_PHASE_STRIP = NO;
				DEBUG_INFORMATION_FORMAT = "dwarf-with-dsym";
				ENABLE_NS_ASSERTIONS = NO;
				ENABLE_STRICT_OBJC_MSGSEND = YES;
				GCC_C_LANGUAGE_STANDARD = gnu11;
				GCC_NO_COMMON_BLOCKS = YES;
				GCC_WARN_64_TO_32_BIT_CONVERSION = YES;
				GCC_WARN_ABOUT_RETURN_TYPE = YES_ERROR;
				GCC_WARN_UNDECLARED_SELECTOR = YES;
				GCC_WARN_UNINITIALIZED_AUTOS = YES_AGGRESSIVE;
				GCC_WARN_UNUSED_FUNCTION = YES;
				GCC_WARN_UNUSED_VARIABLE = YES;
				IPHONEOS_DEPLOYMENT_TARGET = 16.1;
				MTL_ENABLE_DEBUG_INFO = NO;
				MTL_FAST_MATH = YES;
				SDKROOT = iphoneos;
				SWIFT_COMPILATION_MODE = wholemodule;
				SWIFT_OPTIMIZATION_LEVEL = "-O";
				VALIDATE_PRODUCT = YES;
			};
			name = Release;
		};
		F3D2925229DB9A6B00F05277 /* Debug */ = {
			isa = XCBuildConfiguration;
			buildSettings = {
				ASSETCATALOG_COMPILER_APPICON_NAME = AppIcon;
				ASSETCATALOG_COMPILER_GLOBAL_ACCENT_COLOR_NAME = AccentColor;
				CODE_SIGN_STYLE = Automatic;
				CURRENT_PROJECT_VERSION = 1;
				DEVELOPMENT_TEAM = SD48432CPV;
				GENERATE_INFOPLIST_FILE = YES;
				INFOPLIST_FILE = WeatherNow/Info.plist;
				INFOPLIST_KEY_UIApplicationSupportsIndirectInputEvents = YES;
				INFOPLIST_KEY_UILaunchStoryboardName = LaunchScreen;
				INFOPLIST_KEY_UIMainStoryboardFile = Main;
				INFOPLIST_KEY_UIRequiresFullScreen = YES;
				INFOPLIST_KEY_UISupportedInterfaceOrientations = "UIInterfaceOrientationPortrait UIInterfaceOrientationPortraitUpsideDown";
				LD_RUNPATH_SEARCH_PATHS = (
					"$(inherited)",
					"@executable_path/Frameworks",
				);
				MARKETING_VERSION = 1.0;
				PRODUCT_BUNDLE_IDENTIFIER = tony.chen.WeatherNow;
				PRODUCT_NAME = "$(TARGET_NAME)";
				SWIFT_EMIT_LOC_STRINGS = YES;
				SWIFT_VERSION = 5.0;
				TARGETED_DEVICE_FAMILY = "1,2";
			};
			name = Debug;
		};
		F3D2925329DB9A6B00F05277 /* Release */ = {
			isa = XCBuildConfiguration;
			buildSettings = {
				ASSETCATALOG_COMPILER_APPICON_NAME = AppIcon;
				ASSETCATALOG_COMPILER_GLOBAL_ACCENT_COLOR_NAME = AccentColor;
				CODE_SIGN_STYLE = Automatic;
				CURRENT_PROJECT_VERSION = 1;
				DEVELOPMENT_TEAM = SD48432CPV;
				GENERATE_INFOPLIST_FILE = YES;
				INFOPLIST_FILE = WeatherNow/Info.plist;
				INFOPLIST_KEY_UIApplicationSupportsIndirectInputEvents = YES;
				INFOPLIST_KEY_UILaunchStoryboardName = LaunchScreen;
				INFOPLIST_KEY_UIMainStoryboardFile = Main;
				INFOPLIST_KEY_UIRequiresFullScreen = YES;
				INFOPLIST_KEY_UISupportedInterfaceOrientations = "UIInterfaceOrientationPortrait UIInterfaceOrientationPortraitUpsideDown";
				LD_RUNPATH_SEARCH_PATHS = (
					"$(inherited)",
					"@executable_path/Frameworks",
				);
				MARKETING_VERSION = 1.0;
				PRODUCT_BUNDLE_IDENTIFIER = tony.chen.WeatherNow;
				PRODUCT_NAME = "$(TARGET_NAME)";
				SWIFT_EMIT_LOC_STRINGS = YES;
				SWIFT_VERSION = 5.0;
				TARGETED_DEVICE_FAMILY = "1,2";
			};
			name = Release;
		};
		F3D2925529DB9A6B00F05277 /* Debug */ = {
			isa = XCBuildConfiguration;
			buildSettings = {
				ALWAYS_EMBED_SWIFT_STANDARD_LIBRARIES = YES;
				BUNDLE_LOADER = "$(TEST_HOST)";
				CODE_SIGN_STYLE = Automatic;
				CURRENT_PROJECT_VERSION = 1;
				DEVELOPMENT_TEAM = SD48432CPV;
				GENERATE_INFOPLIST_FILE = YES;
				IPHONEOS_DEPLOYMENT_TARGET = 16.1;
				MARKETING_VERSION = 1.0;
				PRODUCT_BUNDLE_IDENTIFIER = tony.chen.WeatherNowTests;
				PRODUCT_NAME = "$(TARGET_NAME)";
				SWIFT_EMIT_LOC_STRINGS = NO;
				SWIFT_VERSION = 5.0;
				TARGETED_DEVICE_FAMILY = "1,2";
				TEST_HOST = "$(BUILT_PRODUCTS_DIR)/WeatherNow.app/$(BUNDLE_EXECUTABLE_FOLDER_PATH)/WeatherNow";
			};
			name = Debug;
		};
		F3D2925629DB9A6B00F05277 /* Release */ = {
			isa = XCBuildConfiguration;
			buildSettings = {
				ALWAYS_EMBED_SWIFT_STANDARD_LIBRARIES = YES;
				BUNDLE_LOADER = "$(TEST_HOST)";
				CODE_SIGN_STYLE = Automatic;
				CURRENT_PROJECT_VERSION = 1;
				DEVELOPMENT_TEAM = SD48432CPV;
				GENERATE_INFOPLIST_FILE = YES;
				IPHONEOS_DEPLOYMENT_TARGET = 16.1;
				MARKETING_VERSION = 1.0;
				PRODUCT_BUNDLE_IDENTIFIER = tony.chen.WeatherNowTests;
				PRODUCT_NAME = "$(TARGET_NAME)";
				SWIFT_EMIT_LOC_STRINGS = NO;
				SWIFT_VERSION = 5.0;
				TARGETED_DEVICE_FAMILY = "1,2";
				TEST_HOST = "$(BUILT_PRODUCTS_DIR)/WeatherNow.app/$(BUNDLE_EXECUTABLE_FOLDER_PATH)/WeatherNow";
			};
			name = Release;
		};
		F3D2925829DB9A6B00F05277 /* Debug */ = {
			isa = XCBuildConfiguration;
			buildSettings = {
				ALWAYS_EMBED_SWIFT_STANDARD_LIBRARIES = YES;
				CODE_SIGN_STYLE = Automatic;
				CURRENT_PROJECT_VERSION = 1;
				DEVELOPMENT_TEAM = SD48432CPV;
				GENERATE_INFOPLIST_FILE = YES;
				MARKETING_VERSION = 1.0;
				PRODUCT_BUNDLE_IDENTIFIER = tony.chen.WeatherNowUITests;
				PRODUCT_NAME = "$(TARGET_NAME)";
				SWIFT_EMIT_LOC_STRINGS = NO;
				SWIFT_VERSION = 5.0;
				TARGETED_DEVICE_FAMILY = "1,2";
				TEST_TARGET_NAME = WeatherNow;
			};
			name = Debug;
		};
		F3D2925929DB9A6B00F05277 /* Release */ = {
			isa = XCBuildConfiguration;
			buildSettings = {
				ALWAYS_EMBED_SWIFT_STANDARD_LIBRARIES = YES;
				CODE_SIGN_STYLE = Automatic;
				CURRENT_PROJECT_VERSION = 1;
				DEVELOPMENT_TEAM = SD48432CPV;
				GENERATE_INFOPLIST_FILE = YES;
				MARKETING_VERSION = 1.0;
				PRODUCT_BUNDLE_IDENTIFIER = tony.chen.WeatherNowUITests;
				PRODUCT_NAME = "$(TARGET_NAME)";
				SWIFT_EMIT_LOC_STRINGS = NO;
				SWIFT_VERSION = 5.0;
				TARGETED_DEVICE_FAMILY = "1,2";
				TEST_TARGET_NAME = WeatherNow;
			};
			name = Release;
		};
/* End XCBuildConfiguration section */

/* Begin XCConfigurationList section */
		F3D2922229DB9A6800F05277 /* Build configuration list for PBXProject "WeatherNow" */ = {
			isa = XCConfigurationList;
			buildConfigurations = (
				F3D2924F29DB9A6B00F05277 /* Debug */,
				F3D2925029DB9A6B00F05277 /* Release */,
			);
			defaultConfigurationIsVisible = 0;
			defaultConfigurationName = Release;
		};
		F3D2925129DB9A6B00F05277 /* Build configuration list for PBXNativeTarget "WeatherNow" */ = {
			isa = XCConfigurationList;
			buildConfigurations = (
				F3D2925229DB9A6B00F05277 /* Debug */,
				F3D2925329DB9A6B00F05277 /* Release */,
			);
			defaultConfigurationIsVisible = 0;
			defaultConfigurationName = Release;
		};
		F3D2925429DB9A6B00F05277 /* Build configuration list for PBXNativeTarget "WeatherNowTests" */ = {
			isa = XCConfigurationList;
			buildConfigurations = (
				F3D2925529DB9A6B00F05277 /* Debug */,
				F3D2925629DB9A6B00F05277 /* Release */,
			);
			defaultConfigurationIsVisible = 0;
			defaultConfigurationName = Release;
		};
		F3D2925729DB9A6B00F05277 /* Build configuration list for PBXNativeTarget "WeatherNowUITests" */ = {
			isa = XCConfigurationList;
			buildConfigurations = (
				F3D2925829DB9A6B00F05277 /* Debug */,
				F3D2925929DB9A6B00F05277 /* Release */,
			);
			defaultConfigurationIsVisible = 0;
			defaultConfigurationName = Release;
		};
/* End XCConfigurationList section */

/* Begin XCRemoteSwiftPackageReference section */
		F3D2926429DB9BDD00F05277 /* XCRemoteSwiftPackageReference "SkeletonView" */ = {
			isa = XCRemoteSwiftPackageReference;
			repositoryURL = "https://github.com/Juanpe/SkeletonView";
			requirement = {
				branch = main;
				kind = branch;
			};
		};
		F3D2926729DB9C2B00F05277 /* XCRemoteSwiftPackageReference "lottie-ios" */ = {
			isa = XCRemoteSwiftPackageReference;
			repositoryURL = "https://github.com/airbnb/lottie-ios";
			requirement = {
				branch = master;
				kind = branch;
			};
		};
		F3D2926A29DB9C4500F05277 /* XCRemoteSwiftPackageReference "Alamofire" */ = {
			isa = XCRemoteSwiftPackageReference;
			repositoryURL = "https://github.com/Alamofire/Alamofire";
			requirement = {
				branch = master;
				kind = branch;
			};
		};
/* End XCRemoteSwiftPackageReference section */

/* Begin XCSwiftPackageProductDependency section */
		F3D2926529DB9BDD00F05277 /* SkeletonView */ = {
			isa = XCSwiftPackageProductDependency;
			package = F3D2926429DB9BDD00F05277 /* XCRemoteSwiftPackageReference "SkeletonView" */;
			productName = SkeletonView;
		};
		F3D2926829DB9C2B00F05277 /* Lottie */ = {
			isa = XCSwiftPackageProductDependency;
			package = F3D2926729DB9C2B00F05277 /* XCRemoteSwiftPackageReference "lottie-ios" */;
			productName = Lottie;
		};
		F3D2926B29DB9C4500F05277 /* Alamofire */ = {
			isa = XCSwiftPackageProductDependency;
			package = F3D2926A29DB9C4500F05277 /* XCRemoteSwiftPackageReference "Alamofire" */;
			productName = Alamofire;
		};
/* End XCSwiftPackageProductDependency section */
	};
	rootObject = F3D2921F29DB9A6800F05277 /* Project object */;
}
